
Microsoft Visual Studio Solution File, Format Version 12.00
# Visual Studio Version 17
VisualStudioVersion = 17.5.33516.290
MinimumVisualStudioVersion = 10.0.40219.1
Project("{FAE04EC0-301F-11D3-BF4B-00C04F79EFBC}") = "RAMDumpExplorer", "RAMDumpExplorer.csproj", "{205F9340-9AAA-45A0-8F80-BF143B1CBB2F}"
EndProject
Global
	GlobalSection(SolutionConfigurationPlatforms) = preSolution
		Debug|Any CPU = Debug|Any CPU
		Release|Any CPU = Release|Any CPU
	EndGlobalSection
	GlobalSection(ProjectConfigurationPlatforms) = postSolution
		{205F9340-9AAA-45A0-8F80-BF143B1CBB2F}.Debug|Any CPU.ActiveCfg = Debug|Any CPU
		{205F9340-9AAA-45A0-8F80-BF143B1CBB2F}.Debug|Any CPU.Build.0 = Debug|Any CPU
		{205F9340-9AAA-45A0-8F80-BF143B1CBB2F}.Release|Any CPU.ActiveCfg = Release|Any CPU
		{205F9340-9AAA-45A0-8F80-BF143B1CBB2F}.Release|Any CPU.Build.0 = Release|Any CPU
	EndGlobalSection
	GlobalSection(SolutionProperties) = preSolution
		HideSolutionNode = FALSE
	EndGlobalSection
	GlobalSection(ExtensibilityGlobals) = postSolution
		SolutionGuid = {3FC1CAF6-3F89-45B5-9A06-AE871784CD48}
	EndGlobalSection
EndGlobal
